
Microsoft Visual Studio Solution File, Format Version 12.00
# Visual Studio Version 16
VisualStudioVersion = 16.0.31205.134
MinimumVisualStudioVersion = 10.0.40219.1
Project("{FAE04EC0-301F-11D3-BF4B-00C04F79EFBC}") = "OnlineRecyclingSystem", "OnlineRecyclingSystem\OnlineRecyclingSystem.csproj", "{B9AFAEDC-ECBE-490F-93DF-33C8B01D54F5}"
EndProject
Global
	GlobalSection(SolutionConfigurationPlatforms) = preSolution
		Debug|Any CPU = Debug|Any CPU
		Release|Any CPU = Release|Any CPU
	EndGlobalSection
	GlobalSection(ProjectConfigurationPlatforms) = postSolution
		{B9AFAEDC-ECBE-490F-93DF-33C8B01D54F5}.Debug|Any CPU.ActiveCfg = Debug|Any CPU
		{B9AFAEDC-ECBE-490F-93DF-33C8B01D54F5}.Debug|Any CPU.Build.0 = Debug|Any CPU
		{B9AFAEDC-ECBE-490F-93DF-33C8B01D54F5}.Release|Any CPU.ActiveCfg = Release|Any CPU
		{B9AFAEDC-ECBE-490F-93DF-33C8B01D54F5}.Release|Any CPU.Build.0 = Release|Any CPU
	EndGlobalSection
	GlobalSection(SolutionProperties) = preSolution
		HideSolutionNode = FALSE
	EndGlobalSection
	GlobalSection(ExtensibilityGlobals) = postSolution
		SolutionGuid = {556D0ACB-0473-4C4B-9D7A-D5A6C4D300A8}
	EndGlobalSection
EndGlobal
